
Microsoft Visual Studio Solution File, Format Version 12.00
# Visual Studio Version 17
VisualStudioVersion = 17.6.33723.286
MinimumVisualStudioVersion = 10.0.40219.1
Project("{FAE04EC0-301F-11D3-BF4B-00C04F79EFBC}") = "MoviePro", "MoviePro\MoviePro.csproj", "{DAFAF998-10FD-498C-B3CB-0170799EA896}"
EndProject
Global
	GlobalSection(SolutionConfigurationPlatforms) = preSolution
		Debug|Any CPU = Debug|Any CPU
		Release|Any CPU = Release|Any CPU
	EndGlobalSection
	GlobalSection(ProjectConfigurationPlatforms) = postSolution
		{DAFAF998-10FD-498C-B3CB-0170799EA896}.Debug|Any CPU.ActiveCfg = Debug|Any CPU
		{DAFAF998-10FD-498C-B3CB-0170799EA896}.Debug|Any CPU.Build.0 = Debug|Any CPU
		{DAFAF998-10FD-498C-B3CB-0170799EA896}.Release|Any CPU.ActiveCfg = Release|Any CPU
		{DAFAF998-10FD-498C-B3CB-0170799EA896}.Release|Any CPU.Build.0 = Release|Any CPU
	EndGlobalSection
	GlobalSection(SolutionProperties) = preSolution
		HideSolutionNode = FALSE
	EndGlobalSection
	GlobalSection(ExtensibilityGlobals) = postSolution
		SolutionGuid = {125A2440-B7A9-4442-9E4C-07B38E9022C7}
	EndGlobalSection
EndGlobal
